
Microsoft Visual Studio Solution File, Format Version 12.00
# Visual Studio Version 16
VisualStudioVersion = 16.0.30524.135
MinimumVisualStudioVersion = 10.0.40219.1
Project("{FAE04EC0-301F-11D3-BF4B-00C04F79EFBC}") = "BlazorApp2", "BlazorApp2\BlazorApp2.csproj", "{C9599071-01AF-4128-AEED-275424F8AFDF}"
EndProject
Global
	GlobalSection(SolutionConfigurationPlatforms) = preSolution
		Debug|Any CPU = Debug|Any CPU
		Release|Any CPU = Release|Any CPU
	EndGlobalSection
	GlobalSection(ProjectConfigurationPlatforms) = postSolution
		{C9599071-01AF-4128-AEED-275424F8AFDF}.Debug|Any CPU.ActiveCfg = Debug|Any CPU
		{C9599071-01AF-4128-AEED-275424F8AFDF}.Debug|Any CPU.Build.0 = Debug|Any CPU
		{C9599071-01AF-4128-AEED-275424F8AFDF}.Release|Any CPU.ActiveCfg = Release|Any CPU
		{C9599071-01AF-4128-AEED-275424F8AFDF}.Release|Any CPU.Build.0 = Release|Any CPU
	EndGlobalSection
	GlobalSection(SolutionProperties) = preSolution
		HideSolutionNode = FALSE
	EndGlobalSection
	GlobalSection(ExtensibilityGlobals) = postSolution
		SolutionGuid = {8284FE4F-8E82-4151-94DC-ACBF32CD7465}
	EndGlobalSection
EndGlobal
